
Microsoft Visual Studio Solution File, Format Version 12.00
# Visual Studio Version 16
VisualStudioVersion = 16.0.32802.440
MinimumVisualStudioVersion = 10.0.40219.1
Project("{9A19103F-16F7-4668-BE54-9A1E7A4F7556}") = "Ejercicio_02", "Ejercicio_02\Ejercicio_02.csproj", "{A0E1D865-EC27-41D2-B02B-FAFA848A33AB}"
EndProject
Project("{9A19103F-16F7-4668-BE54-9A1E7A4F7556}") = "Ejercicio_01", "Ejercicio_01\Ejercicio_01.csproj", "{575BB7B0-ACCA-4B4C-9AFC-AEBA8610445D}"
EndProject
Project("{9A19103F-16F7-4668-BE54-9A1E7A4F7556}") = "Ejercicio_03", "Ejercicio_03\Ejercicio_03.csproj", "{074A5E28-7B2C-4DCF-B9C1-05D19D38AD0B}"
EndProject
Project("{9A19103F-16F7-4668-BE54-9A1E7A4F7556}") = "Ejercicio_04", "Ejercicio_04\Ejercicio_04.csproj", "{AC84E30D-8E03-492B-89BE-F25AF7E3F369}"
EndProject
Project("{9A19103F-16F7-4668-BE54-9A1E7A4F7556}") = "Ejercicio_05", "Ejercicio_05\Ejercicio_05.csproj", "{4B24BA40-6A45-4F97-9503-4AF25B81D740}"
EndProject
Project("{9A19103F-16F7-4668-BE54-9A1E7A4F7556}") = "Ejercicio_06", "Ejercicio_06\Ejercicio_06.csproj", "{CC116C07-BEFC-4D90-A662-BEFDF82EF8AD}"
EndProject
Project("{9A19103F-16F7-4668-BE54-9A1E7A4F7556}") = "Ejercicio_07", "Ejercicio_07\Ejercicio_07.csproj", "{2935BD9A-39B5-4977-B60C-B1E5938D87CC}"
EndProject
Project("{9A19103F-16F7-4668-BE54-9A1E7A4F7556}") = "Ejercicio_I01", "Ejercicio_I01\Ejercicio_I01.csproj", "{A52D5ED7-D2A2-4F0A-BC5B-27536F96CD1F}"
EndProject
Project("{9A19103F-16F7-4668-BE54-9A1E7A4F7556}") = "Ejercicio_I01bis", "Ejercicio_I01bis\Ejercicio_I01bis.csproj", "{1BDE37E3-1AE8-464C-B7F3-7EC041397B1F}"
EndProject
Project("{9A19103F-16F7-4668-BE54-9A1E7A4F7556}") = "Ejercicio_08", "Ejerciocio_08\Ejercicio_08.csproj", "{0AA91395-93D6-441F-BE63-1615874458B7}"
EndProject
Project("{9A19103F-16F7-4668-BE54-9A1E7A4F7556}") = "Ejercicio_09", "Ejercicio_09\Ejercicio_09.csproj", "{206C2E20-3918-4081-B411-23004192EC73}"
EndProject
Project("{9A19103F-16F7-4668-BE54-9A1E7A4F7556}") = "Ejercicio_I02", "Ejercicio_I02\Ejercicio_I02.csproj", "{4089839B-49F4-44DE-AE44-CB284651A20E}"
EndProject
Project("{9A19103F-16F7-4668-BE54-9A1E7A4F7556}") = "Ejercicio_I03", "Ejercicio_I03\Ejercicio_I03.csproj", "{BE0BB942-969B-4686-A880-D32B4F2ECB8B}"
EndProject
Project("{9A19103F-16F7-4668-BE54-9A1E7A4F7556}") = "Ejercicio_I04", "Ejercicio_I04\Ejercicio_I04.csproj", "{016B69A2-9634-4DA4-B300-DD60DA60017C}"
EndProject
Project("{9A19103F-16F7-4668-BE54-9A1E7A4F7556}") = "Ejercicio_C01", "Ejercicio_C01\Ejercicio_C01.csproj", "{2F5AAAE7-8079-4C6A-A62D-2F48DAB6E84D}"
EndProject
Project("{9A19103F-16F7-4668-BE54-9A1E7A4F7556}") = "MiBiblioteca", "MiBiblioteca\MiBiblioteca.csproj", "{79466E4B-4AB7-496F-86EE-D60E78DBE175}"
EndProject
Project("{9A19103F-16F7-4668-BE54-9A1E7A4F7556}") = "Ejercicio_III03", "Ejercicio_III03\Ejercicio_III03.csproj", "{5A09A5DE-48B3-44E2-A214-63839590BA63}"
EndProject
Project("{9A19103F-16F7-4668-BE54-9A1E7A4F7556}") = "Bibiblioteca", "Bibiblioteca\Bibiblioteca.csproj", "{8B673F39-7CBD-4653-85C1-40EEA6E94B45}"
EndProject
Project("{FAE04EC0-301F-11D3-BF4B-00C04F79EFBC}") = "Ejercicio_III04", "Ejercicio_III04\Ejercicio_III04.csproj", "{2FE99A8F-309C-45E1-8DE2-5B58275AB667}"
EndProject
Project("{FAE04EC0-301F-11D3-BF4B-00C04F79EFBC}") = "BibliotecaBoligrafo", "BibliotecaBoligrafo\BibliotecaBoligrafo.csproj", "{BD4A16A9-3BCA-49DA-8341-94E5CAE49A47}"
EndProject
Project("{2150E333-8FDC-42A3-9474-1A3956D46DE8}") = "Clase_01", "Clase_01", "{CCC8E68E-B7FA-4320-8073-1A5C645B9847}"
EndProject
Project("{2150E333-8FDC-42A3-9474-1A3956D46DE8}") = "Clase_02", "Clase_02", "{43A97A14-B9A7-489E-B531-88402C6608BF}"
EndProject
Project("{2150E333-8FDC-42A3-9474-1A3956D46DE8}") = "Clase_03", "Clase_03", "{5BC4CCEB-0F7C-4B5C-BF09-3E135BB2E84C}"
EndProject
Global
	GlobalSection(SolutionConfigurationPlatforms) = preSolution
		Debug|Any CPU = Debug|Any CPU
		Release|Any CPU = Release|Any CPU
	EndGlobalSection
	GlobalSection(ProjectConfigurationPlatforms) = postSolution
		{A0E1D865-EC27-41D2-B02B-FAFA848A33AB}.Debug|Any CPU.ActiveCfg = Debug|Any CPU
		{A0E1D865-EC27-41D2-B02B-FAFA848A33AB}.Debug|Any CPU.Build.0 = Debug|Any CPU
		{A0E1D865-EC27-41D2-B02B-FAFA848A33AB}.Release|Any CPU.ActiveCfg = Release|Any CPU
		{A0E1D865-EC27-41D2-B02B-FAFA848A33AB}.Release|Any CPU.Build.0 = Release|Any CPU
		{575BB7B0-ACCA-4B4C-9AFC-AEBA8610445D}.Debug|Any CPU.ActiveCfg = Debug|Any CPU
		{575BB7B0-ACCA-4B4C-9AFC-AEBA8610445D}.Debug|Any CPU.Build.0 = Debug|Any CPU
		{575BB7B0-ACCA-4B4C-9AFC-AEBA8610445D}.Release|Any CPU.ActiveCfg = Release|Any CPU
		{575BB7B0-ACCA-4B4C-9AFC-AEBA8610445D}.Release|Any CPU.Build.0 = Release|Any CPU
		{074A5E28-7B2C-4DCF-B9C1-05D19D38AD0B}.Debug|Any CPU.ActiveCfg = Debug|Any CPU
		{074A5E28-7B2C-4DCF-B9C1-05D19D38AD0B}.Debug|Any CPU.Build.0 = Debug|Any CPU
		{074A5E28-7B2C-4DCF-B9C1-05D19D38AD0B}.Release|Any CPU.ActiveCfg = Release|Any CPU
		{074A5E28-7B2C-4DCF-B9C1-05D19D38AD0B}.Release|Any CPU.Build.0 = Release|Any CPU
		{AC84E30D-8E03-492B-89BE-F25AF7E3F369}.Debug|Any CPU.ActiveCfg = Debug|Any CPU
		{AC84E30D-8E03-492B-89BE-F25AF7E3F369}.Debug|Any CPU.Build.0 = Debug|Any CPU
		{AC84E30D-8E03-492B-89BE-F25AF7E3F369}.Release|Any CPU.ActiveCfg = Release|Any CPU
		{AC84E30D-8E03-492B-89BE-F25AF7E3F369}.Release|Any CPU.Build.0 = Release|Any CPU
		{4B24BA40-6A45-4F97-9503-4AF25B81D740}.Debug|Any CPU.ActiveCfg = Debug|Any CPU
		{4B24BA40-6A45-4F97-9503-4AF25B81D740}.Debug|Any CPU.Build.0 = Debug|Any CPU
		{4B24BA40-6A45-4F97-9503-4AF25B81D740}.Release|Any CPU.ActiveCfg = Release|Any CPU
		{4B24BA40-6A45-4F97-9503-4AF25B81D740}.Release|Any CPU.Build.0 = Release|Any CPU
		{CC116C07-BEFC-4D90-A662-BEFDF82EF8AD}.Debug|Any CPU.ActiveCfg = Debug|Any CPU
		{CC116C07-BEFC-4D90-A662-BEFDF82EF8AD}.Debug|Any CPU.Build.0 = Debug|Any CPU
		{CC116C07-BEFC-4D90-A662-BEFDF82EF8AD}.Release|Any CPU.ActiveCfg = Release|Any CPU
		{CC116C07-BEFC-4D90-A662-BEFDF82EF8AD}.Release|Any CPU.Build.0 = Release|Any CPU
		{2935BD9A-39B5-4977-B60C-B1E5938D87CC}.Debug|Any CPU.ActiveCfg = Debug|Any CPU
		{2935BD9A-39B5-4977-B60C-B1E5938D87CC}.Debug|Any CPU.Build.0 = Debug|Any CPU
		{2935BD9A-39B5-4977-B60C-B1E5938D87CC}.Release|Any CPU.ActiveCfg = Release|Any CPU
		{2935BD9A-39B5-4977-B60C-B1E5938D87CC}.Release|Any CPU.Build.0 = Release|Any CPU
		{A52D5ED7-D2A2-4F0A-BC5B-27536F96CD1F}.Debug|Any CPU.ActiveCfg = Debug|Any CPU
		{A52D5ED7-D2A2-4F0A-BC5B-27536F96CD1F}.Debug|Any CPU.Build.0 = Debug|Any CPU
		{A52D5ED7-D2A2-4F0A-BC5B-27536F96CD1F}.Release|Any CPU.ActiveCfg = Release|Any CPU
		{A52D5ED7-D2A2-4F0A-BC5B-27536F96CD1F}.Release|Any CPU.Build.0 = Release|Any CPU
		{1BDE37E3-1AE8-464C-B7F3-7EC041397B1F}.Debug|Any CPU.ActiveCfg = Debug|Any CPU
		{1BDE37E3-1AE8-464C-B7F3-7EC041397B1F}.Debug|Any CPU.Build.0 = Debug|Any CPU
		{1BDE37E3-1AE8-464C-B7F3-7EC041397B1F}.Release|Any CPU.ActiveCfg = Release|Any CPU
		{1BDE37E3-1AE8-464C-B7F3-7EC041397B1F}.Release|Any CPU.Build.0 = Release|Any CPU
		{0AA91395-93D6-441F-BE63-1615874458B7}.Debug|Any CPU.ActiveCfg = Debug|Any CPU
		{0AA91395-93D6-441F-BE63-1615874458B7}.Debug|Any CPU.Build.0 = Debug|Any CPU
		{0AA91395-93D6-441F-BE63-1615874458B7}.Release|Any CPU.ActiveCfg = Release|Any CPU
		{0AA91395-93D6-441F-BE63-1615874458B7}.Release|Any CPU.Build.0 = Release|Any CPU
		{206C2E20-3918-4081-B411-23004192EC73}.Debug|Any CPU.ActiveCfg = Debug|Any CPU
		{206C2E20-3918-4081-B411-23004192EC73}.Debug|Any CPU.Build.0 = Debug|Any CPU
		{206C2E20-3918-4081-B411-23004192EC73}.Release|Any CPU.ActiveCfg = Release|Any CPU
		{206C2E20-3918-4081-B411-23004192EC73}.Release|Any CPU.Build.0 = Release|Any CPU
		{4089839B-49F4-44DE-AE44-CB284651A20E}.Debug|Any CPU.ActiveCfg = Debug|Any CPU
		{4089839B-49F4-44DE-AE44-CB284651A20E}.Debug|Any CPU.Build.0 = Debug|Any CPU
		{4089839B-49F4-44DE-AE44-CB284651A20E}.Release|Any CPU.ActiveCfg = Release|Any CPU
		{4089839B-49F4-44DE-AE44-CB284651A20E}.Release|Any CPU.Build.0 = Release|Any CPU
		{BE0BB942-969B-4686-A880-D32B4F2ECB8B}.Debug|Any CPU.ActiveCfg = Debug|Any CPU
		{BE0BB942-969B-4686-A880-D32B4F2ECB8B}.Debug|Any CPU.Build.0 = Debug|Any CPU
		{BE0BB942-969B-4686-A880-D32B4F2ECB8B}.Release|Any CPU.ActiveCfg = Release|Any CPU
		{BE0BB942-969B-4686-A880-D32B4F2ECB8B}.Release|Any CPU.Build.0 = Release|Any CPU
		{016B69A2-9634-4DA4-B300-DD60DA60017C}.Debug|Any CPU.ActiveCfg = Debug|Any CPU
		{016B69A2-9634-4DA4-B300-DD60DA60017C}.Debug|Any CPU.Build.0 = Debug|Any CPU
		{016B69A2-9634-4DA4-B300-DD60DA60017C}.Release|Any CPU.ActiveCfg = Release|Any CPU
		{016B69A2-9634-4DA4-B300-DD60DA60017C}.Release|Any CPU.Build.0 = Release|Any CPU
		{2F5AAAE7-8079-4C6A-A62D-2F48DAB6E84D}.Debug|Any CPU.ActiveCfg = Debug|Any CPU
		{2F5AAAE7-8079-4C6A-A62D-2F48DAB6E84D}.Debug|Any CPU.Build.0 = Debug|Any CPU
		{2F5AAAE7-8079-4C6A-A62D-2F48DAB6E84D}.Release|Any CPU.ActiveCfg = Release|Any CPU
		{2F5AAAE7-8079-4C6A-A62D-2F48DAB6E84D}.Release|Any CPU.Build.0 = Release|Any CPU
		{79466E4B-4AB7-496F-86EE-D60E78DBE175}.Debug|Any CPU.ActiveCfg = Debug|Any CPU
		{79466E4B-4AB7-496F-86EE-D60E78DBE175}.Debug|Any CPU.Build.0 = Debug|Any CPU
		{79466E4B-4AB7-496F-86EE-D60E78DBE175}.Release|Any CPU.ActiveCfg = Release|Any CPU
		{79466E4B-4AB7-496F-86EE-D60E78DBE175}.Release|Any CPU.Build.0 = Release|Any CPU
		{5A09A5DE-48B3-44E2-A214-63839590BA63}.Debug|Any CPU.ActiveCfg = Debug|Any CPU
		{5A09A5DE-48B3-44E2-A214-63839590BA63}.Debug|Any CPU.Build.0 = Debug|Any CPU
		{5A09A5DE-48B3-44E2-A214-63839590BA63}.Release|Any CPU.ActiveCfg = Release|Any CPU
		{5A09A5DE-48B3-44E2-A214-63839590BA63}.Release|Any CPU.Build.0 = Release|Any CPU
		{8B673F39-7CBD-4653-85C1-40EEA6E94B45}.Debug|Any CPU.ActiveCfg = Debug|Any CPU
		{8B673F39-7CBD-4653-85C1-40EEA6E94B45}.Debug|Any CPU.Build.0 = Debug|Any CPU
		{8B673F39-7CBD-4653-85C1-40EEA6E94B45}.Release|Any CPU.ActiveCfg = Release|Any CPU
		{8B673F39-7CBD-4653-85C1-40EEA6E94B45}.Release|Any CPU.Build.0 = Release|Any CPU
		{2FE99A8F-309C-45E1-8DE2-5B58275AB667}.Debug|Any CPU.ActiveCfg = Debug|Any CPU
		{2FE99A8F-309C-45E1-8DE2-5B58275AB667}.Debug|Any CPU.Build.0 = Debug|Any CPU
		{2FE99A8F-309C-45E1-8DE2-5B58275AB667}.Release|Any CPU.ActiveCfg = Release|Any CPU
		{2FE99A8F-309C-45E1-8DE2-5B58275AB667}.Release|Any CPU.Build.0 = Release|Any CPU
		{BD4A16A9-3BCA-49DA-8341-94E5CAE49A47}.Debug|Any CPU.ActiveCfg = Debug|Any CPU
		{BD4A16A9-3BCA-49DA-8341-94E5CAE49A47}.Debug|Any CPU.Build.0 = Debug|Any CPU
		{BD4A16A9-3BCA-49DA-8341-94E5CAE49A47}.Release|Any CPU.ActiveCfg = Release|Any CPU
		{BD4A16A9-3BCA-49DA-8341-94E5CAE49A47}.Release|Any CPU.Build.0 = Release|Any CPU
	EndGlobalSection
	GlobalSection(SolutionProperties) = preSolution
		HideSolutionNode = FALSE
	EndGlobalSection
	GlobalSection(NestedProjects) = preSolution
		{A0E1D865-EC27-41D2-B02B-FAFA848A33AB} = {CCC8E68E-B7FA-4320-8073-1A5C645B9847}
		{575BB7B0-ACCA-4B4C-9AFC-AEBA8610445D} = {CCC8E68E-B7FA-4320-8073-1A5C645B9847}
		{074A5E28-7B2C-4DCF-B9C1-05D19D38AD0B} = {CCC8E68E-B7FA-4320-8073-1A5C645B9847}
		{AC84E30D-8E03-492B-89BE-F25AF7E3F369} = {CCC8E68E-B7FA-4320-8073-1A5C645B9847}
		{4B24BA40-6A45-4F97-9503-4AF25B81D740} = {CCC8E68E-B7FA-4320-8073-1A5C645B9847}
		{CC116C07-BEFC-4D90-A662-BEFDF82EF8AD} = {CCC8E68E-B7FA-4320-8073-1A5C645B9847}
		{2935BD9A-39B5-4977-B60C-B1E5938D87CC} = {CCC8E68E-B7FA-4320-8073-1A5C645B9847}
		{A52D5ED7-D2A2-4F0A-BC5B-27536F96CD1F} = {43A97A14-B9A7-489E-B531-88402C6608BF}
		{1BDE37E3-1AE8-464C-B7F3-7EC041397B1F} = {43A97A14-B9A7-489E-B531-88402C6608BF}
		{0AA91395-93D6-441F-BE63-1615874458B7} = {CCC8E68E-B7FA-4320-8073-1A5C645B9847}
		{206C2E20-3918-4081-B411-23004192EC73} = {CCC8E68E-B7FA-4320-8073-1A5C645B9847}
		{4089839B-49F4-44DE-AE44-CB284651A20E} = {43A97A14-B9A7-489E-B531-88402C6608BF}
		{BE0BB942-969B-4686-A880-D32B4F2ECB8B} = {43A97A14-B9A7-489E-B531-88402C6608BF}
		{016B69A2-9634-4DA4-B300-DD60DA60017C} = {43A97A14-B9A7-489E-B531-88402C6608BF}
		{5A09A5DE-48B3-44E2-A214-63839590BA63} = {5BC4CCEB-0F7C-4B5C-BF09-3E135BB2E84C}
		{8B673F39-7CBD-4653-85C1-40EEA6E94B45} = {5BC4CCEB-0F7C-4B5C-BF09-3E135BB2E84C}
		{2FE99A8F-309C-45E1-8DE2-5B58275AB667} = {5BC4CCEB-0F7C-4B5C-BF09-3E135BB2E84C}
		{BD4A16A9-3BCA-49DA-8341-94E5CAE49A47} = {5BC4CCEB-0F7C-4B5C-BF09-3E135BB2E84C}
	EndGlobalSection
	GlobalSection(ExtensibilityGlobals) = postSolution
		SolutionGuid = {8FC5377E-AAFC-4127-ADB0-781B24467FA3}
	EndGlobalSection
EndGlobal
